
Microsoft Visual Studio Solution File, Format Version 12.00
# Visual Studio Version 16
VisualStudioVersion = 16.0.31410.357
MinimumVisualStudioVersion = 10.0.40219.1
Project("{FAE04EC0-301F-11D3-BF4B-00C04F79EFBC}") = "Peanut", "Peanut\Peanut.csproj", "{0BC3212B-A276-423E-AC0F-236A5ACEE0D9}"
EndProject
Global
	GlobalSection(SolutionConfigurationPlatforms) = preSolution
		Debug|Any CPU = Debug|Any CPU
		Release|Any CPU = Release|Any CPU
	EndGlobalSection
	GlobalSection(ProjectConfigurationPlatforms) = postSolution
		{0BC3212B-A276-423E-AC0F-236A5ACEE0D9}.Debug|Any CPU.ActiveCfg = Debug|Any CPU
		{0BC3212B-A276-423E-AC0F-236A5ACEE0D9}.Debug|Any CPU.Build.0 = Debug|Any CPU
		{0BC3212B-A276-423E-AC0F-236A5ACEE0D9}.Release|Any CPU.ActiveCfg = Release|Any CPU
		{0BC3212B-A276-423E-AC0F-236A5ACEE0D9}.Release|Any CPU.Build.0 = Release|Any CPU
	EndGlobalSection
	GlobalSection(SolutionProperties) = preSolution
		HideSolutionNode = FALSE
	EndGlobalSection
	GlobalSection(ExtensibilityGlobals) = postSolution
		SolutionGuid = {AB347683-7BC3-4147-B529-20CED6A0D321}
	EndGlobalSection
EndGlobal
